github.com/guptarohit/asciigraph v0.4.1 h1:YHmCMN8VH81BIUIgTg2Fs3B52QDxNZw2RQ6j5pGoSxo=
github.com/guptarohit/asciigraph v0.4.1/go.mod h1:9fYEfE5IGJGxlP1B+w8wHFy7sNZMhPtn59f0RLtpRFM=
github.com/guptarohit/asciigraph v0.4.2-0.20190112130928-1bc9b2452856 h1:6s4PF4AtuPGnGP39pL8iU6/aOe0z4C2F1HxSHI93IFc=
github.com/guptarohit/asciigraph v0.4.2-0.20190112130928-1bc9b2452856/go.mod h1:9fYEfE5IGJGxlP1B+w8wHFy7sNZMhPtn59f0RLtpRFM=
robpike.io/filter v0.0.0-20150108201509-2984852a2183 h1:b7Y5VfvTcuK1JCT6YKDIaw5w8j/AYBz6DkX/pStQCsM=
robpike.io/filter v0.0.0-20150108201509-2984852a2183/go.mod h1:JQLSCVDQbISDYGuIQqGa40P6NsyycM3cVAiOKl0tjfI=
